PODS:
  - Differentiator (5.0.0)
  - InfiniteLayout (0.4.3):
    - InfiniteLayout/Core (= 0.4.3)
  - InfiniteLayout/CocoaProxy (0.4.3)
  - InfiniteLayout/Core (0.4.3):
    - InfiniteLayout/CocoaProxy
  - InfiniteLayout/Rx (0.4.3):
    - InfiniteLayout/Core
    - RxCocoa (~> 6)
    - RxDataSources (~> 5)
    - RxSwift (~> 6)
  - RxCocoa (6.1.0):
    - RxRelay (= 6.1.0)
    - RxSwift (= 6.1.0)
  - RxDataSources (5.0.0):
    - Differentiator (~> 5.0)
    - RxCocoa (~> 6.0)
    - RxSwift (~> 6.0)
  - RxRelay (6.1.0):
    - RxSwift (= 6.1.0)
  - RxSwift (6.1.0)

DEPENDENCIES:
  - InfiniteLayout (from `../`)
  - InfiniteLayout/Rx (from `../`)

SPEC REPOS:
  https://github.com/CocoaPods/Specs.git:
    - Differentiator
    - RxCocoa
    - RxDataSources
    - RxRelay
    - RxSwift

EXTERNAL SOURCES:
  InfiniteLayout:
    :path: "../"

SPEC CHECKSUMS:
  Differentiator: e8497ceab83c1b10ca233716d547b9af21b9344d
  InfiniteLayout: 303a49d6b715d3a427c49aa8a6a1b2a53eaef87b
  RxCocoa: 5c51f02d562cbd94629f6c26cf0c80fe4ab8d343
  RxDataSources: aa47cc1ed6c500fa0dfecac5c979b723542d79cf
  RxRelay: 483e1a19fad961b41f0b0c0bee506f46c1ae14fe
  RxSwift: a834e5c538e89eca0cae86f403f4fbf0336786ce

PODFILE CHECKSUM: 1548a5c219657116d1b43dd844ae5656ecf2b12c

COCOAPODS: 1.10.1
