PODS:
  - Differentiator (5.0.0)
  - InfiniteLayout (0.5):
    - InfiniteLayout/Core (= 0.5)
  - InfiniteLayout/CocoaProxy (0.5)
  - InfiniteLayout/Core (0.5):
    - InfiniteLayout/CocoaProxy
  - InfiniteLayout/Rx (0.5):
    - InfiniteLayout/Core
    - RxCocoa (~> 6)
    - RxDataSources (~> 5)
    - RxSwift (~> 6)
  - RxCocoa (6.2.0):
    - RxRelay (= 6.2.0)
    - RxSwift (= 6.2.0)
  - RxDataSources (5.0.0):
    - Differentiator (~> 5.0)
    - RxCocoa (~> 6.0)
    - RxSwift (~> 6.0)
  - RxRelay (6.2.0):
    - RxSwift (= 6.2.0)
  - RxSwift (6.2.0)

DEPENDENCIES:
  - InfiniteLayout (from `../`)
  - InfiniteLayout/Rx (from `../`)

SPEC REPOS:
  trunk:
    - Differentiator
    - RxCocoa
    - RxDataSources
    - RxRelay
    - RxSwift

EXTERNAL SOURCES:
  InfiniteLayout:
    :path: "../"

SPEC CHECKSUMS:
  Differentiator: e8497ceab83c1b10ca233716d547b9af21b9344d
  InfiniteLayout: 2c55b0fc14b6a9d924fbe13c0e2d88b1cbf5423d
  RxCocoa: 4baf94bb35f2c0ab31bc0cb9f1900155f646ba42
  RxDataSources: aa47cc1ed6c500fa0dfecac5c979b723542d79cf
  RxRelay: e72dbfd157807478401ef1982e1c61c945c94b2f
  RxSwift: d356ab7bee873611322f134c5f9ef379fa183d8f

PODFILE CHECKSUM: 0dc7a9b37f9b7c5d5266beaab9e94861b80aa80f

COCOAPODS: 1.10.1
