PODS:
  - CocoaProxy (0.1.1)
  - InfiniteLayout (0.1.3):
    - CocoaProxy (~> 0.1)

DEPENDENCIES:
  - InfiniteLayout (from `../`)

EXTERNAL SOURCES:
  InfiniteLayout:
    :path: ../

SPEC CHECKSUMS:
  CocoaProxy: 35ab81e24325b33834cffe45a3d1fd48ca67ef3a
  InfiniteLayout: 0ab39bf2a4d9ce5c473ebccfc0d3b7278de18ac9

PODFILE CHECKSUM: 3a658536624f41ec07c5a7a2c55407b9b8f48528

COCOAPODS: 1.4.0.beta.2
